
Microsoft Visual Studio Solution File, Format Version 12.00
# Visual Studio Version 17
VisualStudioVersion = 17.5.33516.290
MinimumVisualStudioVersion = 10.0.40219.1
Project("{FAE04EC0-301F-11D3-BF4B-00C04F79EFBC}") = "Assign1", "Assign1\Assign1.csproj", "{185E8D08-3C99-4960-A0E9-113ED91A01AA}"
EndProject
Global
	GlobalSection(SolutionConfigurationPlatforms) = preSolution
		Debug|Any CPU = Debug|Any CPU
		Release|Any CPU = Release|Any CPU
	EndGlobalSection
	GlobalSection(ProjectConfigurationPlatforms) = postSolution
		{185E8D08-3C99-4960-A0E9-113ED91A01AA}.Debug|Any CPU.ActiveCfg = Debug|Any CPU
		{185E8D08-3C99-4960-A0E9-113ED91A01AA}.Debug|Any CPU.Build.0 = Debug|Any CPU
		{185E8D08-3C99-4960-A0E9-113ED91A01AA}.Release|Any CPU.ActiveCfg = Release|Any CPU
		{185E8D08-3C99-4960-A0E9-113ED91A01AA}.Release|Any CPU.Build.0 = Release|Any CPU
	EndGlobalSection
	GlobalSection(SolutionProperties) = preSolution
		HideSolutionNode = FALSE
	EndGlobalSection
	GlobalSection(ExtensibilityGlobals) = postSolution
		SolutionGuid = {07975504-1A95-4C27-AB74-8C9971F8CBC3}
	EndGlobalSection
EndGlobal
